{
  "name": "js",
  "version": "1.0.0",
  "lockfileVersion": 2,
  "requires": true,
  "packages": {
    "": {
      "name": "js",
      "version": "1.0.0",
      "license": "ISC",
      "dependencies": {
        "lua-json": "^1.0.0"
      }
    },
    "node_modules/lodash": {
      "version": "4.17.21",
      "resolved": "https://registry.npmjs.org/lodash/-/lodash-4.17.21.tgz",
      "integrity": "sha512-v2kDEe57lecTulaDIuNTPy3Ry4gLGJ6Z1O3vE1krgXZNrsQ+LFTGHVxVjcXPs17LhbZVGedAJv8XZ1tvj5FvSg=="
    },
    "node_modules/lua-json": {
      "version": "1.0.0",
      "resolved": "https://registry.npmjs.org/lua-json/-/lua-json-1.0.0.tgz",
      "integrity": "sha512-TrMvRPvrbOoPbEY79mIdZsMxwcEpzcUQ5iy9Vir6BmCOV9yOSkA3jHTFZklN1OUyx6F9o/dMLLS/Y6Urb063YQ==",
      "dependencies": {
        "lodash": "^4.17.11",
        "luaparse": "^0.2.1"
      }
    },
    "node_modules/luaparse": {
      "version": "0.2.1",
      "resolved": "https://registry.npmjs.org/luaparse/-/luaparse-0.2.1.tgz",
      "integrity": "sha512-VKBcryd5nJte4ZNR29NOk8F/UkMipjeb4yoxcSS51z6QAzg9DXUC2WsfLniS0J1eh3pr/ZL3e9ha6V8fhoLbBQ==",
      "bin": {
        "luaparse": "bin/luaparse"
      }
    }
  },
  "dependencies": {
    "lodash": {
      "version": "4.17.21",
      "resolved": "https://registry.npmjs.org/lodash/-/lodash-4.17.21.tgz",
      "integrity": "sha512-v2kDEe57lecTulaDIuNTPy3Ry4gLGJ6Z1O3vE1krgXZNrsQ+LFTGHVxVjcXPs17LhbZVGedAJv8XZ1tvj5FvSg=="
    },
    "lua-json": {
      "version": "1.0.0",
      "resolved": "https://registry.npmjs.org/lua-json/-/lua-json-1.0.0.tgz",
      "integrity": "sha512-TrMvRPvrbOoPbEY79mIdZsMxwcEpzcUQ5iy9Vir6BmCOV9yOSkA3jHTFZklN1OUyx6F9o/dMLLS/Y6Urb063YQ==",
      "requires": {
        "lodash": "^4.17.11",
        "luaparse": "^0.2.1"
      }
    },
    "luaparse": {
      "version": "0.2.1",
      "resolved": "https://registry.npmjs.org/luaparse/-/luaparse-0.2.1.tgz",
      "integrity": "sha512-VKBcryd5nJte4ZNR29NOk8F/UkMipjeb4yoxcSS51z6QAzg9DXUC2WsfLniS0J1eh3pr/ZL3e9ha6V8fhoLbBQ=="
    }
  }
}
